DEPENDENCIES
  zeit-app-cache
    path: cookbooks/zeit-app-cache
  zeit-batou-target
    git: git@github.com:ZeitOnline/chef
    revision: 9d900146f343e6edfee624b24320775e3616ed1c
    ref: 9d90014
    rel: cookbooks/zeit-batou-target

GRAPH
  apt (7.1.1)
  zeit-app-cache (1.1.0)
    apt (= 7.1.1)
    zeit-batou-target (= 1.4.1)
  zeit-batou-target (1.4.1)
    apt (>= 0.0.0)
